
Microsoft Visual Studio Solution File, Format Version 12.00
# Visual Studio 15
VisualStudioVersion = 15.0.28307.271
MinimumVisualStudioVersion = 10.0.40219.1
Project("{FAE04EC0-301F-11D3-BF4B-00C04F79EFBC}") = "FrontVuelingAcademy", "FrontVuelingAcademy\FrontVuelingAcademy.csproj", "{91906780-A0CB-432B-98F4-DF8FB3B7AB68}"
EndProject
Global
	GlobalSection(SolutionConfigurationPlatforms) = preSolution
		Debug|Any CPU = Debug|Any CPU
		Release|Any CPU = Release|Any CPU
	EndGlobalSection
	GlobalSection(ProjectConfigurationPlatforms) = postSolution
		{91906780-A0CB-432B-98F4-DF8FB3B7AB68}.Debug|Any CPU.ActiveCfg = Debug|Any CPU
		{91906780-A0CB-432B-98F4-DF8FB3B7AB68}.Debug|Any CPU.Build.0 = Debug|Any CPU
		{91906780-A0CB-432B-98F4-DF8FB3B7AB68}.Release|Any CPU.ActiveCfg = Release|Any CPU
		{91906780-A0CB-432B-98F4-DF8FB3B7AB68}.Release|Any CPU.Build.0 = Release|Any CPU
	EndGlobalSection
	GlobalSection(SolutionProperties) = preSolution
		HideSolutionNode = FALSE
	EndGlobalSection
	GlobalSection(ExtensibilityGlobals) = postSolution
		SolutionGuid = {F0658607-99A0-431D-BD69-CA9181E98BEB}
	EndGlobalSection
EndGlobal
